
Microsoft Visual Studio Solution File, Format Version 12.00
# Visual Studio 15
Project("{FAE04EC0-301F-11D3-BF4B-00C04F79EFBC}") = "MerryYellow.CodeAssist.Editor", "MerryYellow.CodeAssist.Editor.csproj", "{A47AD430-FD57-4C15-A543-A7C0C17C7AE1}"
EndProject
Project("{FAE04EC0-301F-11D3-BF4B-00C04F79EFBC}") = "Assembly-CSharp-Editor", "Assembly-CSharp-Editor.csproj", "{35F065B9-7754-0224-0DE9-1475A68DAC68}"
EndProject
Project("{FAE04EC0-301F-11D3-BF4B-00C04F79EFBC}") = "Assembly-CSharp", "Assembly-CSharp.csproj", "{FAAFD38C-4D70-4CEA-5D50-E6E0C6DF4E64}"
EndProject
Project("{FAE04EC0-301F-11D3-BF4B-00C04F79EFBC}") = "Assembly-CSharp", "Assembly-CSharp.Player.csproj", "{CDCA8777-2AD2-922C-46D0-84BF01D37723}"
EndProject
Global
	GlobalSection(SolutionConfigurationPlatforms) = preSolution
		Debug|Any CPU = Debug|Any CPU
		Release|Any CPU = Release|Any CPU
	EndGlobalSection
	GlobalSection(ProjectConfigurationPlatforms) = postSolution
		{A47AD430-FD57-4C15-A543-A7C0C17C7AE1}.Debug|Any CPU.ActiveCfg = Debug|Any CPU
		{A47AD430-FD57-4C15-A543-A7C0C17C7AE1}.Debug|Any CPU.Build.0 = Debug|Any CPU
		{A47AD430-FD57-4C15-A543-A7C0C17C7AE1}.Release|Any CPU.ActiveCfg = Release|Any CPU
		{A47AD430-FD57-4C15-A543-A7C0C17C7AE1}.Release|Any CPU.Build.0 = Release|Any CPU
		{35F065B9-7754-0224-0DE9-1475A68DAC68}.Debug|Any CPU.ActiveCfg = Debug|Any CPU
		{35F065B9-7754-0224-0DE9-1475A68DAC68}.Debug|Any CPU.Build.0 = Debug|Any CPU
		{35F065B9-7754-0224-0DE9-1475A68DAC68}.Release|Any CPU.ActiveCfg = Release|Any CPU
		{35F065B9-7754-0224-0DE9-1475A68DAC68}.Release|Any CPU.Build.0 = Release|Any CPU
		{FAAFD38C-4D70-4CEA-5D50-E6E0C6DF4E64}.Debug|Any CPU.ActiveCfg = Debug|Any CPU
		{FAAFD38C-4D70-4CEA-5D50-E6E0C6DF4E64}.Debug|Any CPU.Build.0 = Debug|Any CPU
		{FAAFD38C-4D70-4CEA-5D50-E6E0C6DF4E64}.Release|Any CPU.ActiveCfg = Release|Any CPU
		{FAAFD38C-4D70-4CEA-5D50-E6E0C6DF4E64}.Release|Any CPU.Build.0 = Release|Any CPU
		{CDCA8777-2AD2-922C-46D0-84BF01D37723}.Debug|Any CPU.ActiveCfg = Debug|Any CPU
		{CDCA8777-2AD2-922C-46D0-84BF01D37723}.Debug|Any CPU.Build.0 = Debug|Any CPU
		{CDCA8777-2AD2-922C-46D0-84BF01D37723}.Release|Any CPU.ActiveCfg = Release|Any CPU
		{CDCA8777-2AD2-922C-46D0-84BF01D37723}.Release|Any CPU.Build.0 = Release|Any CPU
	EndGlobalSection
	GlobalSection(SolutionProperties) = preSolution
		HideSolutionNode = FALSE
	EndGlobalSection
EndGlobal
